lockfileVersion: '9.0'

settings:
  autoInstallPeers: true
  excludeLinksFromLockfile: false

importers:

  .:
    dependencies:
      '@netlify/blobs':
        specifier: ^8.1.0
        version: 8.2.0
      '@netlify/functions':
        specifier: ^2.8.2
        version: 2.8.2

packages:

  '@netlify/blobs@8.2.0':
    resolution: {integrity: sha512-9djLZHBKsoKk8XCgwWSEPK9QnT8qqxEQGuYh48gFIcNLvpBKkLnHbDZuyUxmNemCfDz7h0HnMXgSPnnUVgARhg==}
    engines: {node: ^14.16.0 || >=16.0.0}

  '@netlify/functions@2.8.2':
    resolution: {integrity: sha512-DeoAQh8LuNPvBE4qsKlezjKj0PyXDryOFJfJKo3Z1qZLKzQ21sT314KQKPVjfvw6knqijj+IO+0kHXy/TJiqNA==}
    engines: {node: '>=14.0.0'}

  '@netlify/node-cookies@0.1.0':
    resolution: {integrity: sha512-OAs1xG+FfLX0LoRASpqzVntVV/RpYkgpI0VrUnw2u0Q1qiZUzcPffxRK8HF3gc4GjuhG5ahOEMJ9bswBiZPq0g==}
    engines: {node: ^14.16.0 || >=16.0.0}

  '@netlify/serverless-functions-api@1.26.1':
    resolution: {integrity: sha512-q3L9i3HoNfz0SGpTIS4zTcKBbRkxzCRpd169eyiTuk3IwcPC3/85mzLHranlKo2b+HYT0gu37YxGB45aD8A3Tw==}
    engines: {node: '>=18.0.0'}

  urlpattern-polyfill@8.0.2:
    resolution: {integrity: sha512-Qp95D4TPJl1kC9SKigDcqgyM2VDVO4RiJc2d4qe5GrYm+zbIQCWWKAFaJNQ4BhdFeDGwBmAxqJBwWSJDb9T3BQ==}

snapshots:

  '@netlify/blobs@8.2.0': {}

  '@netlify/functions@2.8.2':
    dependencies:
      '@netlify/serverless-functions-api': 1.26.1

  '@netlify/node-cookies@0.1.0': {}

  '@netlify/serverless-functions-api@1.26.1':
    dependencies:
      '@netlify/node-cookies': 0.1.0
      urlpattern-polyfill: 8.0.2

  urlpattern-polyfill@8.0.2: {}
